PODS:
  - AMapFoundation (1.5.5)
  - AMapLocation (2.6.1):
    - AMapFoundation (~> 1.4)
  - SDWebImage (3.7.5):
    - SDWebImage/Core (= 3.7.5)
  - SDWebImage/Core (3.7.5)
  - SocketRocket (0.4.2)
  - WeexPluginLoader (0.0.1.9.1):
    - WeexSDK
  - WeexSDK (0.18.0.3)

DEPENDENCIES:
  - AMapLocation
  - SDWebImage (= 3.7.5)
  - SocketRocket (= 0.4.2)
  - WeexPluginLoader
  - WeexSDK (= 0.18.0.3)

SPEC REPOS:
  https://github.com/cocoapods/specs.git:
    - AMapFoundation
    - AMapLocation
    - SDWebImage
    - SocketRocket
    - WeexPluginLoader
    - WeexSDK

SPEC CHECKSUMS:
  AMapFoundation: 652bd70ba579f48a98bdf0c74d6e62a89a06ca58
  AMapLocation: cf024b53dc03663efb4ea4bcce27d4cce58bb97a
  SDWebImage: 69c6303e3348fba97e03f65d65d4fbc26740f461
  SocketRocket: ffe08119b00ef982f6c37052a4705a057c8494ad
  WeexPluginLoader: 85c1304f8ba29864e58531614a0acfeceef1b85c
  WeexSDK: 173541f2d0042664168b305952398145c0c6039c

PODFILE CHECKSUM: 7e37362eeead1c03b0b0d02520d850848d4d471f

COCOAPODS: 1.5.3
